
Microsoft Visual Studio Solution File, Format Version 12.00
# Visual Studio Version 16
VisualStudioVersion = 16.0.30204.135
MinimumVisualStudioVersion = 10.0.40219.1
Project("{FAE04EC0-301F-11D3-BF4B-00C04F79EFBC}") = "Opdracht8Boter-Kaas-Eieren", "Opdracht8Boter-Kaas-Eieren\Opdracht8Boter-Kaas-Eieren.csproj", "{5E950D87-DB6D-45CD-A7D3-561838E8BCC2}"
EndProject
Global
	GlobalSection(SolutionConfigurationPlatforms) = preSolution
		Debug|Any CPU = Debug|Any CPU
		Release|Any CPU = Release|Any CPU
	EndGlobalSection
	GlobalSection(ProjectConfigurationPlatforms) = postSolution
		{5E950D87-DB6D-45CD-A7D3-561838E8BCC2}.Debug|Any CPU.ActiveCfg = Debug|Any CPU
		{5E950D87-DB6D-45CD-A7D3-561838E8BCC2}.Debug|Any CPU.Build.0 = Debug|Any CPU
		{5E950D87-DB6D-45CD-A7D3-561838E8BCC2}.Release|Any CPU.ActiveCfg = Release|Any CPU
		{5E950D87-DB6D-45CD-A7D3-561838E8BCC2}.Release|Any CPU.Build.0 = Release|Any CPU
	EndGlobalSection
	GlobalSection(SolutionProperties) = preSolution
		HideSolutionNode = FALSE
	EndGlobalSection
	GlobalSection(ExtensibilityGlobals) = postSolution
		SolutionGuid = {873DE8BF-E2D2-4C93-997A-A4EDFB41F914}
	EndGlobalSection
EndGlobal
